
Microsoft Visual Studio Solution File, Format Version 12.00
# Visual Studio Version 17
VisualStudioVersion = 17.11.35208.52
MinimumVisualStudioVersion = 10.0.40219.1
Project("{FAE04EC0-301F-11D3-BF4B-00C04F79EFBC}") = "Dance Rabbit Dance", "Dance Rabbit Dance\Dance Rabbit Dance.csproj", "{984DCF46-99F2-4109-B5E5-83D2349B18E1}"
EndProject
Global
	GlobalSection(SolutionConfigurationPlatforms) = preSolution
		Debug|Any CPU = Debug|Any CPU
		Release|Any CPU = Release|Any CPU
	EndGlobalSection
	GlobalSection(ProjectConfigurationPlatforms) = postSolution
		{984DCF46-99F2-4109-B5E5-83D2349B18E1}.Debug|Any CPU.ActiveCfg = Debug|Any CPU
		{984DCF46-99F2-4109-B5E5-83D2349B18E1}.Debug|Any CPU.Build.0 = Debug|Any CPU
		{984DCF46-99F2-4109-B5E5-83D2349B18E1}.Release|Any CPU.ActiveCfg = Release|Any CPU
		{984DCF46-99F2-4109-B5E5-83D2349B18E1}.Release|Any CPU.Build.0 = Release|Any CPU
	EndGlobalSection
	GlobalSection(SolutionProperties) = preSolution
		HideSolutionNode = FALSE
	EndGlobalSection
	GlobalSection(ExtensibilityGlobals) = postSolution
		SolutionGuid = {CA1547A7-BA41-42EE-9FA4-17885A10DFF5}
	EndGlobalSection
EndGlobal
